
Microsoft Visual Studio Solution File, Format Version 12.00
Project("{FAE04EC0-301F-11D3-BF4B-00C04F79EFBC}") = "Stocker-webAPI", "Stocker-webAPI\Stocker-webAPI.csproj", "{D22E50EB-4369-4955-900E-28296897744A}"
EndProject
Global
	GlobalSection(SolutionConfigurationPlatforms) = preSolution
		Debug|Any CPU = Debug|Any CPU
		Release|Any CPU = Release|Any CPU
	EndGlobalSection
	GlobalSection(ProjectConfigurationPlatforms) = postSolution
		{D22E50EB-4369-4955-900E-28296897744A}.Debug|Any CPU.ActiveCfg = Debug|Any CPU
		{D22E50EB-4369-4955-900E-28296897744A}.Debug|Any CPU.Build.0 = Debug|Any CPU
		{D22E50EB-4369-4955-900E-28296897744A}.Release|Any CPU.ActiveCfg = Release|Any CPU
		{D22E50EB-4369-4955-900E-28296897744A}.Release|Any CPU.Build.0 = Release|Any CPU
	EndGlobalSection
EndGlobal
